// !$*UTF8*$!
{
	archiveVersion = 1;
	classes = {
	};
	objectVersion = 50;
	objects = {

/* Begin PBXBuildFile section */
		ED028E4725471009002951A2 /* LandmarksApp.swift in Sources */ = {isa = PBXBuildFile; fileRef = ED028E4625471009002951A2 /* LandmarksApp.swift */; };
		ED028E4925471009002951A2 /* LandmarkDetail.swift in Sources */ = {isa = PBXBuildFile; fileRef = ED028E4825471009002951A2 /* LandmarkDetail.swift */; };
		ED028E4B2547100C002951A2 /* Assets.xcassets in Resources */ = {isa = PBXBuildFile; fileRef = ED028E4A2547100C002951A2 /* Assets.xcassets */; };
		ED028E4E2547100C002951A2 /* Preview Assets.xcassets in Resources */ = {isa = PBXBuildFile; fileRef = ED028E4D2547100C002951A2 /* Preview Assets.xcassets */; };
		ED028E592547100C002951A2 /* LandmarksTests.swift in Sources */ = {isa = PBXBuildFile; fileRef = ED028E582547100C002951A2 /* LandmarksTests.swift */; };
		ED028E642547100C002951A2 /* LandmarksUITests.swift in Sources */ = {isa = PBXBuildFile; fileRef = ED028E632547100C002951A2 /* LandmarksUITests.swift */; };
		ED028E9E25471F31002951A2 /* LandmarkRow.swift in Sources */ = {isa = PBXBuildFile; fileRef = ED028E9D25471F31002951A2 /* LandmarkRow.swift */; };
		ED028EA825471FB3002951A2 /* MapView.swift in Sources */ = {isa = PBXBuildFile; fileRef = ED028EA625471FB3002951A2 /* MapView.swift */; };
		ED028EA925471FB3002951A2 /* CircleImage.swift in Sources */ = {isa = PBXBuildFile; fileRef = ED028EA725471FB3002951A2 /* CircleImage.swift */; };
		ED028EB225472031002951A2 /* landmarkData.json in Resources */ = {isa = PBXBuildFile; fileRef = ED028EB125472031002951A2 /* landmarkData.json */; };
		ED028EBC2547204E002951A2 /* Data.swift in Sources */ = {isa = PBXBuildFile; fileRef = ED028EBA2547204E002951A2 /* Data.swift */; };
		ED028EBD2547204E002951A2 /* Landmark.swift in Sources */ = {isa = PBXBuildFile; fileRef = ED028EBB2547204E002951A2 /* Landmark.swift */; };
		ED23442A2547440500E72F93 /* icybay.jpg in Resources */ = {isa = PBXBuildFile; fileRef = ED23441E2547440300E72F93 /* icybay.jpg */; };
		ED23442B2547440500E72F93 /* turtlerock.jpg in Resources */ = {isa = PBXBuildFile; fileRef = ED23441F2547440400E72F93 /* turtlerock.jpg */; };
		ED23442C2547440500E72F93 /* twinlake.jpg in Resources */ = {isa = PBXBuildFile; fileRef = ED2344202547440400E72F93 /* twinlake.jpg */; };
		ED23442D2547440500E72F93 /* stmarylake.jpg in Resources */ = {isa = PBXBuildFile; fileRef = ED2344212547440400E72F93 /* stmarylake.jpg */; };
		ED23442E2547440500E72F93 /* chilkoottrail.jpg in Resources */ = {isa = PBXBuildFile; fileRef = ED2344222547440400E72F93 /* chilkoottrail.jpg */; };
		ED23442F2547440500E72F93 /* hiddenlake.jpg in Resources */ = {isa = PBXBuildFile; fileRef = ED2344232547440400E72F93 /* hiddenlake.jpg */; };
		ED2344302547440500E72F93 /* umbagog.jpg in Resources */ = {isa = PBXBuildFile; fileRef = ED2344242547440400E72F93 /* umbagog.jpg */; };
		ED2344312547440500E72F93 /* chincoteague.jpg in Resources */ = {isa = PBXBuildFile; fileRef = ED2344252547440400E72F93 /* chincoteague.jpg */; };
		ED2344322547440500E72F93 /* rainbowlake.jpg in Resources */ = {isa = PBXBuildFile; fileRef = ED2344262547440400E72F93 /* rainbowlake.jpg */; };
		ED2344332547440500E72F93 /* lakemcdonald.jpg in Resources */ = {isa = PBXBuildFile; fileRef = ED2344272547440400E72F93 /* lakemcdonald.jpg */; };
		ED2344342547440500E72F93 /* silversalmoncreek.jpg in Resources */ = {isa = PBXBuildFile; fileRef = ED2344282547440500E72F93 /* silversalmoncreek.jpg */; };
		ED2344352547440500E72F93 /* charleyrivers.jpg in Resources */ = {isa = PBXBuildFile; fileRef = ED2344292547440500E72F93 /* charleyrivers.jpg */; };
		ED23443A2547470A00E72F93 /* UserData.swift in Sources */ = {isa = PBXBuildFile; fileRef = ED2344392547470A00E72F93 /* UserData.swift */; };
		ED67037C2547406200F76C7F /* LandmarkList.swift in Sources */ = {isa = PBXBuildFile; fileRef = ED67037B2547406200F76C7F /* LandmarkList.swift */; };
/* End PBXBuildFile section */

/* Begin PBXContainerItemProxy section */
		ED028E552547100C002951A2 /* PBXContainerItemProxy */ = {
			isa = PBXContainerItemProxy;
			containerPortal = ED028E3B25471009002951A2 /* Project object */;
			proxyType = 1;
			remoteGlobalIDString = ED028E4225471009002951A2;
			remoteInfo = Landmarks;
		};
		ED028E602547100C002951A2 /* PBXContainerItemProxy */ = {
			isa = PBXContainerItemProxy;
			containerPortal = ED028E3B25471009002951A2 /* Project object */;
			proxyType = 1;
			remoteGlobalIDString = ED028E4225471009002951A2;
			remoteInfo = Landmarks;
		};
/* End PBXContainerItemProxy section */

/* Begin PBXFileReference section */
		ED028E4325471009002951A2 /* Landmarks.app */ = {isa = PBXFileReference; explicitFileType = wrapper.application; includeInIndex = 0; path = Landmarks.app; sourceTree = BUILT_PRODUCTS_DIR; };
		ED028E4625471009002951A2 /* LandmarksApp.swift */ = {isa = PBXFileReference; lastKnownFileType = sourcecode.swift; path = LandmarksApp.swift; sourceTree = "<group>"; };
		ED028E4825471009002951A2 /* LandmarkDetail.swift */ = {isa = PBXFileReference; lastKnownFileType = sourcecode.swift; path = LandmarkDetail.swift; sourceTree = "<group>"; };
		ED028E4A2547100C002951A2 /* Assets.xcassets */ = {isa = PBXFileReference; lastKnownFileType = folder.assetcatalog; path = Assets.xcassets; sourceTree = "<group>"; };
		ED028E4D2547100C002951A2 /* Preview Assets.xcassets */ = {isa = PBXFileReference; lastKnownFileType = folder.assetcatalog; path = "Preview Assets.xcassets"; sourceTree = "<group>"; };
		ED028E4F2547100C002951A2 /* Info.plist */ = {isa = PBXFileReference; lastKnownFileType = text.plist.xml; path = Info.plist; sourceTree = "<group>"; };
		ED028E542547100C002951A2 /* LandmarksTests.xctest */ = {isa = PBXFileReference; explicitFileType = wrapper.cfbundle; includeInIndex = 0; path = LandmarksTests.xctest; sourceTree = BUILT_PRODUCTS_DIR; };
		ED028E582547100C002951A2 /* LandmarksTests.swift */ = {isa = PBXFileReference; lastKnownFileType = sourcecode.swift; path = LandmarksTests.swift; sourceTree = "<group>"; };
		ED028E5A2547100C002951A2 /* Info.plist */ = {isa = PBXFileReference; lastKnownFileType = text.plist.xml; path = Info.plist; sourceTree = "<group>"; };
		ED028E5F2547100C002951A2 /* LandmarksUITests.xctest */ = {isa = PBXFileReference; explicitFileType = wrapper.cfbundle; includeInIndex = 0; path = LandmarksUITests.xctest; sourceTree = BUILT_PRODUCTS_DIR; };
		ED028E632547100C002951A2 /* LandmarksUITests.swift */ = {isa = PBXFileReference; lastKnownFileType = sourcecode.swift; path = LandmarksUITests.swift; sourceTree = "<group>"; };
		ED028E652547100C002951A2 /* Info.plist */ = {isa = PBXFileReference; lastKnownFileType = text.plist.xml; path = Info.plist; sourceTree = "<group>"; };
		ED028E9D25471F31002951A2 /* LandmarkRow.swift */ = {isa = PBXFileReference; lastKnownFileType = sourcecode.swift; path = LandmarkRow.swift; sourceTree = "<group>"; };
		ED028EA625471FB3002951A2 /* MapView.swift */ = {isa = PBXFileReference; fileEncoding = 4; lastKnownFileType = sourcecode.swift; path = MapView.swift; sourceTree = "<group>"; };
		ED028EA725471FB3002951A2 /* CircleImage.swift */ = {isa = PBXFileReference; fileEncoding = 4; lastKnownFileType = sourcecode.swift; path = CircleImage.swift; sourceTree = "<group>"; };
		ED028EB125472031002951A2 /* landmarkData.json */ = {isa = PBXFileReference; fileEncoding = 4; lastKnownFileType = text.json; path = landmarkData.json; sourceTree = "<group>"; };
		ED028EBA2547204E002951A2 /* Data.swift */ = {isa = PBXFileReference; fileEncoding = 4; lastKnownFileType = sourcecode.swift; path = Data.swift; sourceTree = "<group>"; };
		ED028EBB2547204E002951A2 /* Landmark.swift */ = {isa = PBXFileReference; fileEncoding = 4; lastKnownFileType = sourcecode.swift; path = Landmark.swift; sourceTree = "<group>"; };
		ED23441E2547440300E72F93 /* icybay.jpg */ = {isa = PBXFileReference; lastKnownFileType = image.jpeg; path = icybay.jpg; sourceTree = "<group>"; };
		ED23441F2547440400E72F93 /* turtlerock.jpg */ = {isa = PBXFileReference; lastKnownFileType = image.jpeg; path = turtlerock.jpg; sourceTree = "<group>"; };
		ED2344202547440400E72F93 /* twinlake.jpg */ = {isa = PBXFileReference; lastKnownFileType = image.jpeg; path = twinlake.jpg; sourceTree = "<group>"; };
		ED2344212547440400E72F93 /* stmarylake.jpg */ = {isa = PBXFileReference; lastKnownFileType = image.jpeg; path = stmarylake.jpg; sourceTree = "<group>"; };
		ED2344222547440400E72F93 /* chilkoottrail.jpg */ = {isa = PBXFileReference; lastKnownFileType = image.jpeg; path = chilkoottrail.jpg; sourceTree = "<group>"; };
		ED2344232547440400E72F93 /* hiddenlake.jpg */ = {isa = PBXFileReference; lastKnownFileType = image.jpeg; path = hiddenlake.jpg; sourceTree = "<group>"; };
		ED2344242547440400E72F93 /* umbagog.jpg */ = {isa = PBXFileReference; lastKnownFileType = image.jpeg; path = umbagog.jpg; sourceTree = "<group>"; };
		ED2344252547440400E72F93 /* chincoteague.jpg */ = {isa = PBXFileReference; lastKnownFileType = image.jpeg; path = chincoteague.jpg; sourceTree = "<group>"; };
		ED2344262547440400E72F93 /* rainbowlake.jpg */ = {isa = PBXFileReference; lastKnownFileType = image.jpeg; path = rainbowlake.jpg; sourceTree = "<group>"; };
		ED2344272547440400E72F93 /* lakemcdonald.jpg */ = {isa = PBXFileReference; lastKnownFileType = image.jpeg; path = lakemcdonald.jpg; sourceTree = "<group>"; };
		ED2344282547440500E72F93 /* silversalmoncreek.jpg */ = {isa = PBXFileReference; lastKnownFileType = image.jpeg; path = silversalmoncreek.jpg; sourceTree = "<group>"; };
		ED2344292547440500E72F93 /* charleyrivers.jpg */ = {isa = PBXFileReference; lastKnownFileType = image.jpeg; path = charleyrivers.jpg; sourceTree = "<group>"; };
		ED2344392547470A00E72F93 /* UserData.swift */ = {isa = PBXFileReference; lastKnownFileType = sourcecode.swift; path = UserData.swift; sourceTree = "<group>"; };
		ED67037B2547406200F76C7F /* LandmarkList.swift */ = {isa = PBXFileReference; fileEncoding = 4; lastKnownFileType = sourcecode.swift; path = LandmarkList.swift; sourceTree = "<group>"; };
/* End PBXFileReference section */

/* Begin PBXFrameworksBuildPhase section */
		ED028E4025471009002951A2 /* Frameworks */ = {
			isa = PBXFrameworksBuildPhase;
			buildActionMask = 2147483647;
			files = (
			);
			runOnlyForDeploymentPostprocessing = 0;
		};
		ED028E512547100C002951A2 /* Frameworks */ = {
			isa = PBXFrameworksBuildPhase;
			buildActionMask = 2147483647;
			files = (
			);
			runOnlyForDeploymentPostprocessing = 0;
		};
		ED028E5C2547100C002951A2 /* Frameworks */ = {
			isa = PBXFrameworksBuildPhase;
			buildActionMask = 2147483647;
			files = (
			);
			runOnlyForDeploymentPostprocessing = 0;
		};
/* End PBXFrameworksBuildPhase section */

/* Begin PBXGroup section */
		ED028E3A25471009002951A2 = {
			isa = PBXGroup;
			children = (
				ED028E4525471009002951A2 /* Landmarks */,
				ED028E572547100C002951A2 /* LandmarksTests */,
				ED028E622547100C002951A2 /* LandmarksUITests */,
				ED028E4425471009002951A2 /* Products */,
			);
			sourceTree = "<group>";
		};
		ED028E4425471009002951A2 /* Products */ = {
			isa = PBXGroup;
			children = (
				ED028E4325471009002951A2 /* Landmarks.app */,
				ED028E542547100C002951A2 /* LandmarksTests.xctest */,
				ED028E5F2547100C002951A2 /* LandmarksUITests.xctest */,
			);
			name = Products;
			sourceTree = "<group>";
		};
		ED028E4525471009002951A2 /* Landmarks */ = {
			isa = PBXGroup;
			children = (
				ED028EA525471FB3002951A2 /* Supporting Views */,
				ED028EB92547204E002951A2 /* Models */,
				ED028EB025472031002951A2 /* Resources */,
				ED028E4625471009002951A2 /* LandmarksApp.swift */,
				ED67037B2547406200F76C7F /* LandmarkList.swift */,
				ED028E4825471009002951A2 /* LandmarkDetail.swift */,
				ED028E4A2547100C002951A2 /* Assets.xcassets */,
				ED028E4F2547100C002951A2 /* Info.plist */,
				ED028E4C2547100C002951A2 /* Preview Content */,
			);
			path = Landmarks;
			sourceTree = "<group>";
		};
		ED028E4C2547100C002951A2 /* Preview Content */ = {
			isa = PBXGroup;
			children = (
				ED028E4D2547100C002951A2 /* Preview Assets.xcassets */,
			);
			path = "Preview Content";
			sourceTree = "<group>";
		};
		ED028E572547100C002951A2 /* LandmarksTests */ = {
			isa = PBXGroup;
			children = (
				ED028E582547100C002951A2 /* LandmarksTests.swift */,
				ED028E5A2547100C002951A2 /* Info.plist */,
			);
			path = LandmarksTests;
			sourceTree = "<group>";
		};
		ED028E622547100C002951A2 /* LandmarksUITests */ = {
			isa = PBXGroup;
			children = (
				ED028E632547100C002951A2 /* LandmarksUITests.swift */,
				ED028E652547100C002951A2 /* Info.plist */,
			);
			path = LandmarksUITests;
			sourceTree = "<group>";
		};
		ED028EA525471FB3002951A2 /* Supporting Views */ = {
			isa = PBXGroup;
			children = (
				ED028E9D25471F31002951A2 /* LandmarkRow.swift */,
				ED028EA625471FB3002951A2 /* MapView.swift */,
				ED028EA725471FB3002951A2 /* CircleImage.swift */,
			);
			path = "Supporting Views";
			sourceTree = "<group>";
		};
		ED028EB025472031002951A2 /* Resources */ = {
			isa = PBXGroup;
			children = (
				ED2344292547440500E72F93 /* charleyrivers.jpg */,
				ED2344222547440400E72F93 /* chilkoottrail.jpg */,
				ED2344252547440400E72F93 /* chincoteague.jpg */,
				ED2344232547440400E72F93 /* hiddenlake.jpg */,
				ED23441E2547440300E72F93 /* icybay.jpg */,
				ED2344272547440400E72F93 /* lakemcdonald.jpg */,
				ED2344262547440400E72F93 /* rainbowlake.jpg */,
				ED2344282547440500E72F93 /* silversalmoncreek.jpg */,
				ED2344212547440400E72F93 /* stmarylake.jpg */,
				ED23441F2547440400E72F93 /* turtlerock.jpg */,
				ED2344202547440400E72F93 /* twinlake.jpg */,
				ED2344242547440400E72F93 /* umbagog.jpg */,
				ED028EB125472031002951A2 /* landmarkData.json */,
			);
			path = Resources;
			sourceTree = "<group>";
		};
		ED028EB92547204E002951A2 /* Models */ = {
			isa = PBXGroup;
			children = (
				ED028EBA2547204E002951A2 /* Data.swift */,
				ED028EBB2547204E002951A2 /* Landmark.swift */,
				ED2344392547470A00E72F93 /* UserData.swift */,
			);
			path = Models;
			sourceTree = "<group>";
		};
/* End PBXGroup section */

/* Begin PBXNativeTarget section */
		ED028E4225471009002951A2 /* Landmarks */ = {
			isa = PBXNativeTarget;
			buildConfigurationList = ED028E682547100C002951A2 /* Build configuration list for PBXNativeTarget "Landmarks" */;
			buildPhases = (
				ED028E3F25471009002951A2 /* Sources */,
				ED028E4025471009002951A2 /* Frameworks */,
				ED028E4125471009002951A2 /* Resources */,
			);
			buildRules = (
			);
			dependencies = (
			);
			name = Landmarks;
			productName = Landmarks;
			productReference = ED028E4325471009002951A2 /* Landmarks.app */;
			productType = "com.apple.product-type.application";
		};
		ED028E532547100C002951A2 /* LandmarksTests */ = {
			isa = PBXNativeTarget;
			buildConfigurationList = ED028E6B2547100C002951A2 /* Build configuration list for PBXNativeTarget "LandmarksTests" */;
			buildPhases = (
				ED028E502547100C002951A2 /* Sources */,
				ED028E512547100C002951A2 /* Frameworks */,
				ED028E522547100C002951A2 /* Resources */,
			);
			buildRules = (
			);
			dependencies = (
				ED028E562547100C002951A2 /* PBXTargetDependency */,
			);
			name = LandmarksTests;
			productName = LandmarksTests;
			productReference = ED028E542547100C002951A2 /* LandmarksTests.xctest */;
			productType = "com.apple.product-type.bundle.unit-test";
		};
		ED028E5E2547100C002951A2 /* LandmarksUITests */ = {
			isa = PBXNativeTarget;
			buildConfigurationList = ED028E6E2547100C002951A2 /* Build configuration list for PBXNativeTarget "LandmarksUITests" */;
			buildPhases = (
				ED028E5B2547100C002951A2 /* Sources */,
				ED028E5C2547100C002951A2 /* Frameworks */,
				ED028E5D2547100C002951A2 /* Resources */,
			);
			buildRules = (
			);
			dependencies = (
				ED028E612547100C002951A2 /* PBXTargetDependency */,
			);
			name = LandmarksUITests;
			productName = LandmarksUITests;
			productReference = ED028E5F2547100C002951A2 /* LandmarksUITests.xctest */;
			productType = "com.apple.product-type.bundle.ui-testing";
		};
/* End PBXNativeTarget section */

/* Begin PBXProject section */
		ED028E3B25471009002951A2 /* Project object */ = {
			isa = PBXProject;
			attributes = {
				LastSwiftUpdateCheck = 1210;
				LastUpgradeCheck = 1210;
				TargetAttributes = {
					ED028E4225471009002951A2 = {
						CreatedOnToolsVersion = 12.1;
					};
					ED028E532547100C002951A2 = {
						CreatedOnToolsVersion = 12.1;
						TestTargetID = ED028E4225471009002951A2;
					};
					ED028E5E2547100C002951A2 = {
						CreatedOnToolsVersion = 12.1;
						TestTargetID = ED028E4225471009002951A2;
					};
				};
			};
			buildConfigurationList = ED028E3E25471009002951A2 /* Build configuration list for PBXProject "Landmarks" */;
			compatibilityVersion = "Xcode 9.3";
			developmentRegion = en;
			hasScannedForEncodings = 0;
			knownRegions = (
				en,
				Base,
			);
			mainGroup = ED028E3A25471009002951A2;
			productRefGroup = ED028E4425471009002951A2 /* Products */;
			projectDirPath = "";
			projectRoot = "";
			targets = (
				ED028E4225471009002951A2 /* Landmarks */,
				ED028E532547100C002951A2 /* LandmarksTests */,
				ED028E5E2547100C002951A2 /* LandmarksUITests */,
			);
		};
/* End PBXProject section */

/* Begin PBXResourcesBuildPhase section */
		ED028E4125471009002951A2 /* Resources */ = {
			isa = PBXResourcesBuildPhase;
			buildActionMask = 2147483647;
			files = (
				ED2344352547440500E72F93 /* charleyrivers.jpg in Resources */,
				ED23442C2547440500E72F93 /* twinlake.jpg in Resources */,
				ED2344322547440500E72F93 /* rainbowlake.jpg in Resources */,
				ED23442E2547440500E72F93 /* chilkoottrail.jpg in Resources */,
				ED2344332547440500E72F93 /* lakemcdonald.jpg in Resources */,
				ED028E4E2547100C002951A2 /* Preview Assets.xcassets in Resources */,
				ED028EB225472031002951A2 /* landmarkData.json in Resources */,
				ED2344302547440500E72F93 /* umbagog.jpg in Resources */,
				ED23442A2547440500E72F93 /* icybay.jpg in Resources */,
				ED028E4B2547100C002951A2 /* Assets.xcassets in Resources */,
				ED2344312547440500E72F93 /* chincoteague.jpg in Resources */,
				ED23442B2547440500E72F93 /* turtlerock.jpg in Resources */,
				ED2344342547440500E72F93 /* silversalmoncreek.jpg in Resources */,
				ED23442F2547440500E72F93 /* hiddenlake.jpg in Resources */,
				ED23442D2547440500E72F93 /* stmarylake.jpg in Resources */,
			);
			runOnlyForDeploymentPostprocessing = 0;
		};
		ED028E522547100C002951A2 /* Resources */ = {
			isa = PBXResourcesBuildPhase;
			buildActionMask = 2147483647;
			files = (
			);
			runOnlyForDeploymentPostprocessing = 0;
		};
		ED028E5D2547100C002951A2 /* Resources */ = {
			isa = PBXResourcesBuildPhase;
			buildActionMask = 2147483647;
			files = (
			);
			runOnlyForDeploymentPostprocessing = 0;
		};
/* End PBXResourcesBuildPhase section */

/* Begin PBXSourcesBuildPhase section */
		ED028E3F25471009002951A2 /* Sources */ = {
			isa = PBXSourcesBuildPhase;
			buildActionMask = 2147483647;
			files = (
				ED028EBD2547204E002951A2 /* Landmark.swift in Sources */,
				ED028E4925471009002951A2 /* LandmarkDetail.swift in Sources */,
				ED028EBC2547204E002951A2 /* Data.swift in Sources */,
				ED23443A2547470A00E72F93 /* UserData.swift in Sources */,
				ED67037C2547406200F76C7F /* LandmarkList.swift in Sources */,
				ED028E9E25471F31002951A2 /* LandmarkRow.swift in Sources */,
				ED028EA825471FB3002951A2 /* MapView.swift in Sources */,
				ED028E4725471009002951A2 /* LandmarksApp.swift in Sources */,
				ED028EA925471FB3002951A2 /* CircleImage.swift in Sources */,
			);
			runOnlyForDeploymentPostprocessing = 0;
		};
		ED028E502547100C002951A2 /* Sources */ = {
			isa = PBXSourcesBuildPhase;
			buildActionMask = 2147483647;
			files = (
				ED028E592547100C002951A2 /* LandmarksTests.swift in Sources */,
			);
			runOnlyForDeploymentPostprocessing = 0;
		};
		ED028E5B2547100C002951A2 /* Sources */ = {
			isa = PBXSourcesBuildPhase;
			buildActionMask = 2147483647;
			files = (
				ED028E642547100C002951A2 /* LandmarksUITests.swift in Sources */,
			);
			runOnlyForDeploymentPostprocessing = 0;
		};
/* End PBXSourcesBuildPhase section */

/* Begin PBXTargetDependency section */
		ED028E562547100C002951A2 /* PBXTargetDependency */ = {
			isa = PBXTargetDependency;
			target = ED028E4225471009002951A2 /* Landmarks */;
			targetProxy = ED028E552547100C002951A2 /* PBXContainerItemProxy */;
		};
		ED028E612547100C002951A2 /* PBXTargetDependency */ = {
			isa = PBXTargetDependency;
			target = ED028E4225471009002951A2 /* Landmarks */;
			targetProxy = ED028E602547100C002951A2 /* PBXContainerItemProxy */;
		};
/* End PBXTargetDependency section */

/* Begin XCBuildConfiguration section */
		ED028E662547100C002951A2 /* Debug */ = {
			isa = XCBuildConfiguration;
			buildSettings = {
				ALWAYS_SEARCH_USER_PATHS = NO;
				CLANG_ANALYZER_NONNULL = YES;
				CLANG_ANALYZER_NUMBER_OBJECT_CONVERSION = YES_AGGRESSIVE;
				CLANG_CXX_LANGUAGE_STANDARD = "gnu++14";
				CLANG_CXX_LIBRARY = "libc++";
				CLANG_ENABLE_MODULES = YES;
				CLANG_ENABLE_OBJC_ARC = YES;
				CLANG_ENABLE_OBJC_WEAK = YES;
				CLANG_WARN_BLOCK_CAPTURE_AUTORELEASING = YES;
				CLANG_WARN_BOOL_CONVERSION = YES;
				CLANG_WARN_COMMA = YES;
				CLANG_WARN_CONSTANT_CONVERSION = YES;
				CLANG_WARN_DEPRECATED_OBJC_IMPLEMENTATIONS = YES;
				CLANG_WARN_DIRECT_OBJC_ISA_USAGE = YES_ERROR;
				CLANG_WARN_DOCUMENTATION_COMMENTS = YES;
				CLANG_WARN_EMPTY_BODY = YES;
				CLANG_WARN_ENUM_CONVERSION = YES;
				CLANG_WARN_INFINITE_RECURSION = YES;
				CLANG_WARN_INT_CONVERSION = YES;
				CLANG_WARN_NON_LITERAL_NULL_CONVERSION = YES;
				CLANG_WARN_OBJC_IMPLICIT_RETAIN_SELF = YES;
				CLANG_WARN_OBJC_LITERAL_CONVERSION = YES;
				CLANG_WARN_OBJC_ROOT_CLASS = YES_ERROR;
				CLANG_WARN_QUOTED_INCLUDE_IN_FRAMEWORK_HEADER = YES;
				CLANG_WARN_RANGE_LOOP_ANALYSIS = YES;
				CLANG_WARN_STRICT_PROTOTYPES = YES;
				CLANG_WARN_SUSPICIOUS_MOVE = YES;
				CLANG_WARN_UNGUARDED_AVAILABILITY = YES_AGGRESSIVE;
				CLANG_WARN_UNREACHABLE_CODE = YES;
				CLANG_WARN__DUPLICATE_METHOD_MATCH = YES;
				COPY_PHASE_STRIP = NO;
				DEBUG_INFORMATION_FORMAT = dwarf;
				ENABLE_STRICT_OBJC_MSGSEND = YES;
				ENABLE_TESTABILITY = YES;
				GCC_C_LANGUAGE_STANDARD = gnu11;
				GCC_DYNAMIC_NO_PIC = NO;
				GCC_NO_COMMON_BLOCKS = YES;
				GCC_OPTIMIZATION_LEVEL = 0;
				GCC_PREPROCESSOR_DEFINITIONS = (
					"DEBUG=1",
					"$(inherited)",
				);
				GCC_WARN_64_TO_32_BIT_CONVERSION = YES;
				GCC_WARN_ABOUT_RETURN_TYPE = YES_ERROR;
				GCC_WARN_UNDECLARED_SELECTOR = YES;
				GCC_WARN_UNINITIALIZED_AUTOS = YES_AGGRESSIVE;
				GCC_WARN_UNUSED_FUNCTION = YES;
				GCC_WARN_UNUSED_VARIABLE = YES;
				IPHONEOS_DEPLOYMENT_TARGET = 14.1;
				MTL_ENABLE_DEBUG_INFO = INCLUDE_SOURCE;
				MTL_FAST_MATH = YES;
				ONLY_ACTIVE_ARCH = YES;
				SDKROOT = iphoneos;
				SWIFT_ACTIVE_COMPILATION_CONDITIONS = DEBUG;
				SWIFT_OPTIMIZATION_LEVEL = "-Onone";
			};
			name = Debug;
		};
		ED028E672547100C002951A2 /* Release */ = {
			isa = XCBuildConfiguration;
			buildSettings = {
				ALWAYS_SEARCH_USER_PATHS = NO;
				CLANG_ANALYZER_NONNULL = YES;
				CLANG_ANALYZER_NUMBER_OBJECT_CONVERSION = YES_AGGRESSIVE;
				CLANG_CXX_LANGUAGE_STANDARD = "gnu++14";
				CLANG_CXX_LIBRARY = "libc++";
				CLANG_ENABLE_MODULES = YES;
				CLANG_ENABLE_OBJC_ARC = YES;
				CLANG_ENABLE_OBJC_WEAK = YES;
				CLANG_WARN_BLOCK_CAPTURE_AUTORELEASING = YES;
				CLANG_WARN_BOOL_CONVERSION = YES;
				CLANG_WARN_COMMA = YES;
				CLANG_WARN_CONSTANT_CONVERSION = YES;
				CLANG_WARN_DEPRECATED_OBJC_IMPLEMENTATIONS = YES;
				CLANG_WARN_DIRECT_OBJC_ISA_USAGE = YES_ERROR;
				CLANG_WARN_DOCUMENTATION_COMMENTS = YES;
				CLANG_WARN_EMPTY_BODY = YES;
				CLANG_WARN_ENUM_CONVERSION = YES;
				CLANG_WARN_INFINITE_RECURSION = YES;
				CLANG_WARN_INT_CONVERSION = YES;
				CLANG_WARN_NON_LITERAL_NULL_CONVERSION = YES;
				CLANG_WARN_OBJC_IMPLICIT_RETAIN_SELF = YES;
				CLANG_WARN_OBJC_LITERAL_CONVERSION = YES;
				CLANG_WARN_OBJC_ROOT_CLASS = YES_ERROR;
				CLANG_WARN_QUOTED_INCLUDE_IN_FRAMEWORK_HEADER = YES;
				CLANG_WARN_RANGE_LOOP_ANALYSIS = YES;
				CLANG_WARN_STRICT_PROTOTYPES = YES;
				CLANG_WARN_SUSPICIOUS_MOVE = YES;
				CLANG_WARN_UNGUARDED_AVAILABILITY = YES_AGGRESSIVE;
				CLANG_WARN_UNREACHABLE_CODE = YES;
				CLANG_WARN__DUPLICATE_METHOD_MATCH = YES;
				COPY_PHASE_STRIP = NO;
				DEBUG_INFORMATION_FORMAT = "dwarf-with-dsym";
				ENABLE_NS_ASSERTIONS = NO;
				ENABLE_STRICT_OBJC_MSGSEND = YES;
				GCC_C_LANGUAGE_STANDARD = gnu11;
				GCC_NO_COMMON_BLOCKS = YES;
				GCC_WARN_64_TO_32_BIT_CONVERSION = YES;
				GCC_WARN_ABOUT_RETURN_TYPE = YES_ERROR;
				GCC_WARN_UNDECLARED_SELECTOR = YES;
				GCC_WARN_UNINITIALIZED_AUTOS = YES_AGGRESSIVE;
				GCC_WARN_UNUSED_FUNCTION = YES;
				GCC_WARN_UNUSED_VARIABLE = YES;
				IPHONEOS_DEPLOYMENT_TARGET = 14.1;
				MTL_ENABLE_DEBUG_INFO = NO;
				MTL_FAST_MATH = YES;
				SDKROOT = iphoneos;
				SWIFT_COMPILATION_MODE = wholemodule;
				SWIFT_OPTIMIZATION_LEVEL = "-O";
				VALIDATE_PRODUCT = YES;
			};
			name = Release;
		};
		ED028E692547100C002951A2 /* Debug */ = {
			isa = XCBuildConfiguration;
			buildSettings = {
				ASSETCATALOG_COMPILER_APPICON_NAME = AppIcon;
				ASSETCATALOG_COMPILER_GLOBAL_ACCENT_COLOR_NAME = AccentColor;
				CODE_SIGN_STYLE = Automatic;
				DEVELOPMENT_ASSET_PATHS = "\"Landmarks/Preview Content\"";
				ENABLE_PREVIEWS = YES;
				INFOPLIST_FILE = Landmarks/Info.plist;
				IPHONEOS_DEPLOYMENT_TARGET = 14.0;
				LD_RUNPATH_SEARCH_PATHS = (
					"$(inherited)",
					"@executable_path/Frameworks",
				);
				PRODUCT_BUNDLE_IDENTIFIER = marcelogfsouza.samplecode;
				PRODUCT_NAME = "$(TARGET_NAME)";
				SWIFT_VERSION = 5.0;
				TARGETED_DEVICE_FAMILY = "1,2";
			};
			name = Debug;
		};
		ED028E6A2547100C002951A2 /* Release */ = {
			isa = XCBuildConfiguration;
			buildSettings = {
				ASSETCATALOG_COMPILER_APPICON_NAME = AppIcon;
				ASSETCATALOG_COMPILER_GLOBAL_ACCENT_COLOR_NAME = AccentColor;
				CODE_SIGN_STYLE = Automatic;
				DEVELOPMENT_ASSET_PATHS = "\"Landmarks/Preview Content\"";
				ENABLE_PREVIEWS = YES;
				INFOPLIST_FILE = Landmarks/Info.plist;
				IPHONEOS_DEPLOYMENT_TARGET = 14.0;
				LD_RUNPATH_SEARCH_PATHS = (
					"$(inherited)",
					"@executable_path/Frameworks",
				);
				PRODUCT_BUNDLE_IDENTIFIER = marcelogfsouza.samplecode;
				PRODUCT_NAME = "$(TARGET_NAME)";
				SWIFT_VERSION = 5.0;
				TARGETED_DEVICE_FAMILY = "1,2";
			};
			name = Release;
		};
		ED028E6C2547100C002951A2 /* Debug */ = {
			isa = XCBuildConfiguration;
			buildSettings = {
				ALWAYS_EMBED_SWIFT_STANDARD_LIBRARIES = YES;
				BUNDLE_LOADER = "$(TEST_HOST)";
				CODE_SIGN_STYLE = Automatic;
				INFOPLIST_FILE = LandmarksTests/Info.plist;
				IPHONEOS_DEPLOYMENT_TARGET = 14.0;
				LD_RUNPATH_SEARCH_PATHS = (
					"$(inherited)",
					"@executable_path/Frameworks",
					"@loader_path/Frameworks",
				);
				PRODUCT_BUNDLE_IDENTIFIER = marcelogfsouza.LandmarksTests;
				PRODUCT_NAME = "$(TARGET_NAME)";
				SWIFT_VERSION = 5.0;
				TARGETED_DEVICE_FAMILY = "1,2";
				TEST_HOST = "$(BUILT_PRODUCTS_DIR)/Landmarks.app/Landmarks";
			};
			name = Debug;
		};
		ED028E6D2547100C002951A2 /* Release */ = {
			isa = XCBuildConfiguration;
			buildSettings = {
				ALWAYS_EMBED_SWIFT_STANDARD_LIBRARIES = YES;
				BUNDLE_LOADER = "$(TEST_HOST)";
				CODE_SIGN_STYLE = Automatic;
				INFOPLIST_FILE = LandmarksTests/Info.plist;
				IPHONEOS_DEPLOYMENT_TARGET = 14.0;
				LD_RUNPATH_SEARCH_PATHS = (
					"$(inherited)",
					"@executable_path/Frameworks",
					"@loader_path/Frameworks",
				);
				PRODUCT_BUNDLE_IDENTIFIER = marcelogfsouza.LandmarksTests;
				PRODUCT_NAME = "$(TARGET_NAME)";
				SWIFT_VERSION = 5.0;
				TARGETED_DEVICE_FAMILY = "1,2";
				TEST_HOST = "$(BUILT_PRODUCTS_DIR)/Landmarks.app/Landmarks";
			};
			name = Release;
		};
		ED028E6F2547100C002951A2 /* Debug */ = {
			isa = XCBuildConfiguration;
			buildSettings = {
				ALWAYS_EMBED_SWIFT_STANDARD_LIBRARIES = YES;
				CODE_SIGN_STYLE = Automatic;
				INFOPLIST_FILE = LandmarksUITests/Info.plist;
				LD_RUNPATH_SEARCH_PATHS = (
					"$(inherited)",
					"@executable_path/Frameworks",
					"@loader_path/Frameworks",
				);
				PRODUCT_BUNDLE_IDENTIFIER = marcelogfsouza.LandmarksUITests;
				PRODUCT_NAME = "$(TARGET_NAME)";
				SWIFT_VERSION = 5.0;
				TARGETED_DEVICE_FAMILY = "1,2";
				TEST_TARGET_NAME = Landmarks;
			};
			name = Debug;
		};
		ED028E702547100C002951A2 /* Release */ = {
			isa = XCBuildConfiguration;
			buildSettings = {
				ALWAYS_EMBED_SWIFT_STANDARD_LIBRARIES = YES;
				CODE_SIGN_STYLE = Automatic;
				INFOPLIST_FILE = LandmarksUITests/Info.plist;
				LD_RUNPATH_SEARCH_PATHS = (
					"$(inherited)",
					"@executable_path/Frameworks",
					"@loader_path/Frameworks",
				);
				PRODUCT_BUNDLE_IDENTIFIER = marcelogfsouza.LandmarksUITests;
				PRODUCT_NAME = "$(TARGET_NAME)";
				SWIFT_VERSION = 5.0;
				TARGETED_DEVICE_FAMILY = "1,2";
				TEST_TARGET_NAME = Landmarks;
			};
			name = Release;
		};
/* End XCBuildConfiguration section */

/* Begin XCConfigurationList section */
		ED028E3E25471009002951A2 /* Build configuration list for PBXProject "Landmarks" */ = {
			isa = XCConfigurationList;
			buildConfigurations = (
				ED028E662547100C002951A2 /* Debug */,
				ED028E672547100C002951A2 /* Release */,
			);
			defaultConfigurationIsVisible = 0;
			defaultConfigurationName = Release;
		};
		ED028E682547100C002951A2 /* Build configuration list for PBXNativeTarget "Landmarks" */ = {
			isa = XCConfigurationList;
			buildConfigurations = (
				ED028E692547100C002951A2 /* Debug */,
				ED028E6A2547100C002951A2 /* Release */,
			);
			defaultConfigurationIsVisible = 0;
			defaultConfigurationName = Release;
		};
		ED028E6B2547100C002951A2 /* Build configuration list for PBXNativeTarget "LandmarksTests" */ = {
			isa = XCConfigurationList;
			buildConfigurations = (
				ED028E6C2547100C002951A2 /* Debug */,
				ED028E6D2547100C002951A2 /* Release */,
			);
			defaultConfigurationIsVisible = 0;
			defaultConfigurationName = Release;
		};
		ED028E6E2547100C002951A2 /* Build configuration list for PBXNativeTarget "LandmarksUITests" */ = {
			isa = XCConfigurationList;
			buildConfigurations = (
				ED028E6F2547100C002951A2 /* Debug */,
				ED028E702547100C002951A2 /* Release */,
			);
			defaultConfigurationIsVisible = 0;
			defaultConfigurationName = Release;
		};
/* End XCConfigurationList section */
	};
	rootObject = ED028E3B25471009002951A2 /* Project object */;
}
